
Microsoft Visual Studio Solution File, Format Version 12.00
# Visual Studio Version 16
VisualStudioVersion = 16.0.29403.142
MinimumVisualStudioVersion = 10.0.40219.1
Project("{FAE04EC0-301F-11D3-BF4B-00C04F79EFBC}") = "laba01", "laba01\laba01.csproj", "{B07BE35F-1B38-4426-9D7D-7F81B44DFDFB}"
EndProject
Project("{FAE04EC0-301F-11D3-BF4B-00C04F79EFBC}") = "UnitTestProject1", "UnitTestProject1\UnitTestProject1.csproj", "{646C8DB9-05BF-4BEE-951F-A7D07892772B}"
EndProject
Global
	GlobalSection(SolutionConfigurationPlatforms) = preSolution
		Debug|Any CPU = Debug|Any CPU
		Release|Any CPU = Release|Any CPU
	EndGlobalSection
	GlobalSection(ProjectConfigurationPlatforms) = postSolution
		{B07BE35F-1B38-4426-9D7D-7F81B44DFDFB}.Debug|Any CPU.ActiveCfg = Debug|Any CPU
		{B07BE35F-1B38-4426-9D7D-7F81B44DFDFB}.Debug|Any CPU.Build.0 = Debug|Any CPU
		{B07BE35F-1B38-4426-9D7D-7F81B44DFDFB}.Release|Any CPU.ActiveCfg = Release|Any CPU
		{B07BE35F-1B38-4426-9D7D-7F81B44DFDFB}.Release|Any CPU.Build.0 = Release|Any CPU
		{646C8DB9-05BF-4BEE-951F-A7D07892772B}.Debug|Any CPU.ActiveCfg = Debug|Any CPU
		{646C8DB9-05BF-4BEE-951F-A7D07892772B}.Debug|Any CPU.Build.0 = Debug|Any CPU
		{646C8DB9-05BF-4BEE-951F-A7D07892772B}.Release|Any CPU.ActiveCfg = Release|Any CPU
		{646C8DB9-05BF-4BEE-951F-A7D07892772B}.Release|Any CPU.Build.0 = Release|Any CPU
	EndGlobalSection
	GlobalSection(SolutionProperties) = preSolution
		HideSolutionNode = FALSE
	EndGlobalSection
	GlobalSection(ExtensibilityGlobals) = postSolution
		SolutionGuid = {7261AD5E-B53D-45A3-9BD3-CA5CD5BD5E80}
	EndGlobalSection
EndGlobal
